// !$*UTF8*$!
{
	archiveVersion = 1;
	classes = {
	};
	objectVersion = 50;
	objects = {

/* Begin PBXBuildFile section */
		F6D6CBE2252E708F0079CC88 /* AppDelegate.swift in Sources */ = {isa = PBXBuildFile; fileRef = F6D6CBE1252E708F0079CC88 /* AppDelegate.swift */; };
		F6D6CBE4252E708F0079CC88 /* SceneDelegate.swift in Sources */ = {isa = PBXBuildFile; fileRef = F6D6CBE3252E708F0079CC88 /* SceneDelegate.swift */; };
		F6D6CBE6252E708F0079CC88 /* MainViewController.swift in Sources */ = {isa = PBXBuildFile; fileRef = F6D6CBE5252E708F0079CC88 /* MainViewController.swift */; };
		F6D6CBE9252E708F0079CC88 /* Main.storyboard in Resources */ = {isa = PBXBuildFile; fileRef = F6D6CBE7252E708F0079CC88 /* Main.storyboard */; };
		F6D6CBEB252E70900079CC88 /* Assets.xcassets in Resources */ = {isa = PBXBuildFile; fileRef = F6D6CBEA252E70900079CC88 /* Assets.xcassets */; };
		F6D6CBEE252E70900079CC88 /* LaunchScreen.storyboard in Resources */ = {isa = PBXBuildFile; fileRef = F6D6CBEC252E70900079CC88 /* LaunchScreen.storyboard */; };
		F6D6CC02252E74370079CC88 /* ImageModel.swift in Sources */ = {isa = PBXBuildFile; fileRef = F6D6CC01252E74370079CC88 /* ImageModel.swift */; };
		F6D6CC06252E75140079CC88 /* ApiConstants.swift in Sources */ = {isa = PBXBuildFile; fileRef = F6D6CC05252E75140079CC88 /* ApiConstants.swift */; };
		F6D6CC0B252E76A00079CC88 /* ApiService.swift in Sources */ = {isa = PBXBuildFile; fileRef = F6D6CC0A252E76A00079CC88 /* ApiService.swift */; };
		F6D6CC14252E7BBC0079CC88 /* MainViewModel.swift in Sources */ = {isa = PBXBuildFile; fileRef = F6D6CC13252E7BBC0079CC88 /* MainViewModel.swift */; };
		F6D6CC17252E889D0079CC88 /* ImageViewController.swift in Sources */ = {isa = PBXBuildFile; fileRef = F6D6CC16252E889D0079CC88 /* ImageViewController.swift */; };
		F6D6CC1A252E88C00079CC88 /* ImageViewModel.swift in Sources */ = {isa = PBXBuildFile; fileRef = F6D6CC19252E88C00079CC88 /* ImageViewModel.swift */; };
		F6D6CC1D252E88DF0079CC88 /* TextViewController.swift in Sources */ = {isa = PBXBuildFile; fileRef = F6D6CC1C252E88DF0079CC88 /* TextViewController.swift */; };
		F6D6CC20252E890C0079CC88 /* TextViewModel.swift in Sources */ = {isa = PBXBuildFile; fileRef = F6D6CC1F252E890C0079CC88 /* TextViewModel.swift */; };
		F6D6CC24252E89320079CC88 /* ImageCellView.swift in Sources */ = {isa = PBXBuildFile; fileRef = F6D6CC23252E89320079CC88 /* ImageCellView.swift */; };
		F6D6CC28252E89620079CC88 /* ImageCellViewModel.swift in Sources */ = {isa = PBXBuildFile; fileRef = F6D6CC27252E89620079CC88 /* ImageCellViewModel.swift */; };
/* End PBXBuildFile section */

/* Begin PBXFileReference section */
		F6D6CBDE252E708F0079CC88 /* Combine_test.app */ = {isa = PBXFileReference; explicitFileType = wrapper.application; includeInIndex = 0; path = Combine_test.app; sourceTree = BUILT_PRODUCTS_DIR; };
		F6D6CBE1252E708F0079CC88 /* AppDelegate.swift */ = {isa = PBXFileReference; lastKnownFileType = sourcecode.swift; path = AppDelegate.swift; sourceTree = "<group>"; };
		F6D6CBE3252E708F0079CC88 /* SceneDelegate.swift */ = {isa = PBXFileReference; lastKnownFileType = sourcecode.swift; path = SceneDelegate.swift; sourceTree = "<group>"; };
		F6D6CBE5252E708F0079CC88 /* MainViewController.swift */ = {isa = PBXFileReference; lastKnownFileType = sourcecode.swift; path = MainViewController.swift; sourceTree = "<group>"; };
		F6D6CBE8252E708F0079CC88 /* Base */ = {isa = PBXFileReference; lastKnownFileType = file.storyboard; name = Base; path = Base.lproj/Main.storyboard; sourceTree = "<group>"; };
		F6D6CBEA252E70900079CC88 /* Assets.xcassets */ = {isa = PBXFileReference; lastKnownFileType = folder.assetcatalog; path = Assets.xcassets; sourceTree = "<group>"; };
		F6D6CBED252E70900079CC88 /* Base */ = {isa = PBXFileReference; lastKnownFileType = file.storyboard; name = Base; path = Base.lproj/LaunchScreen.storyboard; sourceTree = "<group>"; };
		F6D6CBEF252E70900079CC88 /* Info.plist */ = {isa = PBXFileReference; lastKnownFileType = text.plist.xml; path = Info.plist; sourceTree = "<group>"; };
		F6D6CC01252E74370079CC88 /* ImageModel.swift */ = {isa = PBXFileReference; lastKnownFileType = sourcecode.swift; path = ImageModel.swift; sourceTree = "<group>"; };
		F6D6CC05252E75140079CC88 /* ApiConstants.swift */ = {isa = PBXFileReference; lastKnownFileType = sourcecode.swift; path = ApiConstants.swift; sourceTree = "<group>"; };
		F6D6CC0A252E76A00079CC88 /* ApiService.swift */ = {isa = PBXFileReference; lastKnownFileType = sourcecode.swift; path = ApiService.swift; sourceTree = "<group>"; };
		F6D6CC13252E7BBC0079CC88 /* MainViewModel.swift */ = {isa = PBXFileReference; lastKnownFileType = sourcecode.swift; path = MainViewModel.swift; sourceTree = "<group>"; };
		F6D6CC16252E889D0079CC88 /* ImageViewController.swift */ = {isa = PBXFileReference; lastKnownFileType = sourcecode.swift; path = ImageViewController.swift; sourceTree = "<group>"; };
		F6D6CC19252E88C00079CC88 /* ImageViewModel.swift */ = {isa = PBXFileReference; lastKnownFileType = sourcecode.swift; path = ImageViewModel.swift; sourceTree = "<group>"; };
		F6D6CC1C252E88DF0079CC88 /* TextViewController.swift */ = {isa = PBXFileReference; lastKnownFileType = sourcecode.swift; path = TextViewController.swift; sourceTree = "<group>"; };
		F6D6CC1F252E890C0079CC88 /* TextViewModel.swift */ = {isa = PBXFileReference; lastKnownFileType = sourcecode.swift; path = TextViewModel.swift; sourceTree = "<group>"; };
		F6D6CC23252E89320079CC88 /* ImageCellView.swift */ = {isa = PBXFileReference; lastKnownFileType = sourcecode.swift; path = ImageCellView.swift; sourceTree = "<group>"; };
		F6D6CC27252E89620079CC88 /* ImageCellViewModel.swift */ = {isa = PBXFileReference; lastKnownFileType = sourcecode.swift; path = ImageCellViewModel.swift; sourceTree = "<group>"; };
/* End PBXFileReference section */

/* Begin PBXFrameworksBuildPhase section */
		F6D6CBDB252E708F0079CC88 /* Frameworks */ = {
			isa = PBXFrameworksBuildPhase;
			buildActionMask = 2147483647;
			files = (
			);
			runOnlyForDeploymentPostprocessing = 0;
		};
/* End PBXFrameworksBuildPhase section */

/* Begin PBXGroup section */
		F6D6CBD5252E708E0079CC88 = {
			isa = PBXGroup;
			children = (
				F6D6CBE0252E708F0079CC88 /* Combine_test */,
				F6D6CBDF252E708F0079CC88 /* Products */,
			);
			sourceTree = "<group>";
		};
		F6D6CBDF252E708F0079CC88 /* Products */ = {
			isa = PBXGroup;
			children = (
				F6D6CBDE252E708F0079CC88 /* Combine_test.app */,
			);
			name = Products;
			sourceTree = "<group>";
		};
		F6D6CBE0252E708F0079CC88 /* Combine_test */ = {
			isa = PBXGroup;
			children = (
				F6D6CC09252E76870079CC88 /* Services */,
				F6D6CBFF252E74070079CC88 /* UseCases */,
				F6D6CBF6252E710A0079CC88 /* UI */,
				F6D6CBE1252E708F0079CC88 /* AppDelegate.swift */,
				F6D6CBE3252E708F0079CC88 /* SceneDelegate.swift */,
				F6D6CBE7252E708F0079CC88 /* Main.storyboard */,
				F6D6CBEA252E70900079CC88 /* Assets.xcassets */,
				F6D6CBEC252E70900079CC88 /* LaunchScreen.storyboard */,
				F6D6CBEF252E70900079CC88 /* Info.plist */,
			);
			path = Combine_test;
			sourceTree = "<group>";
		};
		F6D6CBF6252E710A0079CC88 /* UI */ = {
			isa = PBXGroup;
			children = (
				F6D6CBF9252E713F0079CC88 /* TextView */,
				F6D6CBF8252E71230079CC88 /* ImageView */,
				F6D6CBF7252E71140079CC88 /* MainView */,
			);
			path = UI;
			sourceTree = "<group>";
		};
		F6D6CBF7252E71140079CC88 /* MainView */ = {
			isa = PBXGroup;
			children = (
				F6D6CC22252E891D0079CC88 /* Cell */,
				F6D6CBE5252E708F0079CC88 /* MainViewController.swift */,
				F6D6CC13252E7BBC0079CC88 /* MainViewModel.swift */,
			);
			path = MainView;
			sourceTree = "<group>";
		};
		F6D6CBF8252E71230079CC88 /* ImageView */ = {
			isa = PBXGroup;
			children = (
				F6D6CC16252E889D0079CC88 /* ImageViewController.swift */,
				F6D6CC19252E88C00079CC88 /* ImageViewModel.swift */,
			);
			path = ImageView;
			sourceTree = "<group>";
		};
		F6D6CBF9252E713F0079CC88 /* TextView */ = {
			isa = PBXGroup;
			children = (
				F6D6CC1C252E88DF0079CC88 /* TextViewController.swift */,
				F6D6CC1F252E890C0079CC88 /* TextViewModel.swift */,
			);
			path = TextView;
			sourceTree = "<group>";
		};
		F6D6CBFF252E74070079CC88 /* UseCases */ = {
			isa = PBXGroup;
			children = (
				F6D6CC00252E74260079CC88 /* Models */,
				F6D6CC05252E75140079CC88 /* ApiConstants.swift */,
			);
			path = UseCases;
			sourceTree = "<group>";
		};
		F6D6CC00252E74260079CC88 /* Models */ = {
			isa = PBXGroup;
			children = (
				F6D6CC01252E74370079CC88 /* ImageModel.swift */,
			);
			path = Models;
			sourceTree = "<group>";
		};
		F6D6CC09252E76870079CC88 /* Services */ = {
			isa = PBXGroup;
			children = (
				F6D6CC0A252E76A00079CC88 /* ApiService.swift */,
			);
			path = Services;
			sourceTree = "<group>";
		};
		F6D6CC22252E891D0079CC88 /* Cell */ = {
			isa = PBXGroup;
			children = (
				F6D6CC23252E89320079CC88 /* ImageCellView.swift */,
				F6D6CC27252E89620079CC88 /* ImageCellViewModel.swift */,
			);
			path = Cell;
			sourceTree = "<group>";
		};
/* End PBXGroup section */

/* Begin PBXNativeTarget section */
		F6D6CBDD252E708F0079CC88 /* Combine_test */ = {
			isa = PBXNativeTarget;
			buildConfigurationList = F6D6CBF2252E70900079CC88 /* Build configuration list for PBXNativeTarget "Combine_test" */;
			buildPhases = (
				F6D6CBDA252E708F0079CC88 /* Sources */,
				F6D6CBDB252E708F0079CC88 /* Frameworks */,
				F6D6CBDC252E708F0079CC88 /* Resources */,
			);
			buildRules = (
			);
			dependencies = (
			);
			name = Combine_test;
			productName = Combine_test;
			productReference = F6D6CBDE252E708F0079CC88 /* Combine_test.app */;
			productType = "com.apple.product-type.application";
		};
/* End PBXNativeTarget section */

/* Begin PBXProject section */
		F6D6CBD6252E708E0079CC88 /* Project object */ = {
			isa = PBXProject;
			attributes = {
				LastSwiftUpdateCheck = 1200;
				LastUpgradeCheck = 1200;
				TargetAttributes = {
					F6D6CBDD252E708F0079CC88 = {
						CreatedOnToolsVersion = 12.0.1;
					};
				};
			};
			buildConfigurationList = F6D6CBD9252E708E0079CC88 /* Build configuration list for PBXProject "Combine_test" */;
			compatibilityVersion = "Xcode 9.3";
			developmentRegion = en;
			hasScannedForEncodings = 0;
			knownRegions = (
				en,
				Base,
			);
			mainGroup = F6D6CBD5252E708E0079CC88;
			productRefGroup = F6D6CBDF252E708F0079CC88 /* Products */;
			projectDirPath = "";
			projectRoot = "";
			targets = (
				F6D6CBDD252E708F0079CC88 /* Combine_test */,
			);
		};
/* End PBXProject section */

/* Begin PBXResourcesBuildPhase section */
		F6D6CBDC252E708F0079CC88 /* Resources */ = {
			isa = PBXResourcesBuildPhase;
			buildActionMask = 2147483647;
			files = (
				F6D6CBEE252E70900079CC88 /* LaunchScreen.storyboard in Resources */,
				F6D6CBEB252E70900079CC88 /* Assets.xcassets in Resources */,
				F6D6CBE9252E708F0079CC88 /* Main.storyboard in Resources */,
			);
			runOnlyForDeploymentPostprocessing = 0;
		};
/* End PBXResourcesBuildPhase section */

/* Begin PBXSourcesBuildPhase section */
		F6D6CBDA252E708F0079CC88 /* Sources */ = {
			isa = PBXSourcesBuildPhase;
			buildActionMask = 2147483647;
			files = (
				F6D6CC14252E7BBC0079CC88 /* MainViewModel.swift in Sources */,
				F6D6CC28252E89620079CC88 /* ImageCellViewModel.swift in Sources */,
				F6D6CBE6252E708F0079CC88 /* MainViewController.swift in Sources */,
				F6D6CC24252E89320079CC88 /* ImageCellView.swift in Sources */,
				F6D6CC06252E75140079CC88 /* ApiConstants.swift in Sources */,
				F6D6CC1A252E88C00079CC88 /* ImageViewModel.swift in Sources */,
				F6D6CC0B252E76A00079CC88 /* ApiService.swift in Sources */,
				F6D6CC1D252E88DF0079CC88 /* TextViewController.swift in Sources */,
				F6D6CBE2252E708F0079CC88 /* AppDelegate.swift in Sources */,
				F6D6CC20252E890C0079CC88 /* TextViewModel.swift in Sources */,
				F6D6CBE4252E708F0079CC88 /* SceneDelegate.swift in Sources */,
				F6D6CC17252E889D0079CC88 /* ImageViewController.swift in Sources */,
				F6D6CC02252E74370079CC88 /* ImageModel.swift in Sources */,
			);
			runOnlyForDeploymentPostprocessing = 0;
		};
/* End PBXSourcesBuildPhase section */

/* Begin PBXVariantGroup section */
		F6D6CBE7252E708F0079CC88 /* Main.storyboard */ = {
			isa = PBXVariantGroup;
			children = (
				F6D6CBE8252E708F0079CC88 /* Base */,
			);
			name = Main.storyboard;
			sourceTree = "<group>";
		};
		F6D6CBEC252E70900079CC88 /* LaunchScreen.storyboard */ = {
			isa = PBXVariantGroup;
			children = (
				F6D6CBED252E70900079CC88 /* Base */,
			);
			name = LaunchScreen.storyboard;
			sourceTree = "<group>";
		};
/* End PBXVariantGroup section */

/* Begin XCBuildConfiguration section */
		F6D6CBF0252E70900079CC88 /* Debug */ = {
			isa = XCBuildConfiguration;
			buildSettings = {
				ALWAYS_SEARCH_USER_PATHS = NO;
				CLANG_ANALYZER_NONNULL = YES;
				CLANG_ANALYZER_NUMBER_OBJECT_CONVERSION = YES_AGGRESSIVE;
				CLANG_CXX_LANGUAGE_STANDARD = "gnu++14";
				CLANG_CXX_LIBRARY = "libc++";
				CLANG_ENABLE_MODULES = YES;
				CLANG_ENABLE_OBJC_ARC = YES;
				CLANG_ENABLE_OBJC_WEAK = YES;
				CLANG_WARN_BLOCK_CAPTURE_AUTORELEASING = YES;
				CLANG_WARN_BOOL_CONVERSION = YES;
				CLANG_WARN_COMMA = YES;
				CLANG_WARN_CONSTANT_CONVERSION = YES;
				CLANG_WARN_DEPRECATED_OBJC_IMPLEMENTATIONS = YES;
				CLANG_WARN_DIRECT_OBJC_ISA_USAGE = YES_ERROR;
				CLANG_WARN_DOCUMENTATION_COMMENTS = YES;
				CLANG_WARN_EMPTY_BODY = YES;
				CLANG_WARN_ENUM_CONVERSION = YES;
				CLANG_WARN_INFINITE_RECURSION = YES;
				CLANG_WARN_INT_CONVERSION = YES;
				CLANG_WARN_NON_LITERAL_NULL_CONVERSION = YES;
				CLANG_WARN_OBJC_IMPLICIT_RETAIN_SELF = YES;
				CLANG_WARN_OBJC_LITERAL_CONVERSION = YES;
				CLANG_WARN_OBJC_ROOT_CLASS = YES_ERROR;
				CLANG_WARN_QUOTED_INCLUDE_IN_FRAMEWORK_HEADER = YES;
				CLANG_WARN_RANGE_LOOP_ANALYSIS = YES;
				CLANG_WARN_STRICT_PROTOTYPES = YES;
				CLANG_WARN_SUSPICIOUS_MOVE = YES;
				CLANG_WARN_UNGUARDED_AVAILABILITY = YES_AGGRESSIVE;
				CLANG_WARN_UNREACHABLE_CODE = YES;
				CLANG_WARN__DUPLICATE_METHOD_MATCH = YES;
				COPY_PHASE_STRIP = NO;
				DEBUG_INFORMATION_FORMAT = dwarf;
				ENABLE_STRICT_OBJC_MSGSEND = YES;
				ENABLE_TESTABILITY = YES;
				GCC_C_LANGUAGE_STANDARD = gnu11;
				GCC_DYNAMIC_NO_PIC = NO;
				GCC_NO_COMMON_BLOCKS = YES;
				GCC_OPTIMIZATION_LEVEL = 0;
				GCC_PREPROCESSOR_DEFINITIONS = (
					"DEBUG=1",
					"$(inherited)",
				);
				GCC_WARN_64_TO_32_BIT_CONVERSION = YES;
				GCC_WARN_ABOUT_RETURN_TYPE = YES_ERROR;
				GCC_WARN_UNDECLARED_SELECTOR = YES;
				GCC_WARN_UNINITIALIZED_AUTOS = YES_AGGRESSIVE;
				GCC_WARN_UNUSED_FUNCTION = YES;
				GCC_WARN_UNUSED_VARIABLE = YES;
				IPHONEOS_DEPLOYMENT_TARGET = 14.0;
				MTL_ENABLE_DEBUG_INFO = INCLUDE_SOURCE;
				MTL_FAST_MATH = YES;
				ONLY_ACTIVE_ARCH = YES;
				SDKROOT = iphoneos;
				SWIFT_ACTIVE_COMPILATION_CONDITIONS = DEBUG;
				SWIFT_OPTIMIZATION_LEVEL = "-Onone";
			};
			name = Debug;
		};
		F6D6CBF1252E70900079CC88 /* Release */ = {
			isa = XCBuildConfiguration;
			buildSettings = {
				ALWAYS_SEARCH_USER_PATHS = NO;
				CLANG_ANALYZER_NONNULL = YES;
				CLANG_ANALYZER_NUMBER_OBJECT_CONVERSION = YES_AGGRESSIVE;
				CLANG_CXX_LANGUAGE_STANDARD = "gnu++14";
				CLANG_CXX_LIBRARY = "libc++";
				CLANG_ENABLE_MODULES = YES;
				CLANG_ENABLE_OBJC_ARC = YES;
				CLANG_ENABLE_OBJC_WEAK = YES;
				CLANG_WARN_BLOCK_CAPTURE_AUTORELEASING = YES;
				CLANG_WARN_BOOL_CONVERSION = YES;
				CLANG_WARN_COMMA = YES;
				CLANG_WARN_CONSTANT_CONVERSION = YES;
				CLANG_WARN_DEPRECATED_OBJC_IMPLEMENTATIONS = YES;
				CLANG_WARN_DIRECT_OBJC_ISA_USAGE = YES_ERROR;
				CLANG_WARN_DOCUMENTATION_COMMENTS = YES;
				CLANG_WARN_EMPTY_BODY = YES;
				CLANG_WARN_ENUM_CONVERSION = YES;
				CLANG_WARN_INFINITE_RECURSION = YES;
				CLANG_WARN_INT_CONVERSION = YES;
				CLANG_WARN_NON_LITERAL_NULL_CONVERSION = YES;
				CLANG_WARN_OBJC_IMPLICIT_RETAIN_SELF = YES;
				CLANG_WARN_OBJC_LITERAL_CONVERSION = YES;
				CLANG_WARN_OBJC_ROOT_CLASS = YES_ERROR;
				CLANG_WARN_QUOTED_INCLUDE_IN_FRAMEWORK_HEADER = YES;
				CLANG_WARN_RANGE_LOOP_ANALYSIS = YES;
				CLANG_WARN_STRICT_PROTOTYPES = YES;
				CLANG_WARN_SUSPICIOUS_MOVE = YES;
				CLANG_WARN_UNGUARDED_AVAILABILITY = YES_AGGRESSIVE;
				CLANG_WARN_UNREACHABLE_CODE = YES;
				CLANG_WARN__DUPLICATE_METHOD_MATCH = YES;
				COPY_PHASE_STRIP = NO;
				DEBUG_INFORMATION_FORMAT = "dwarf-with-dsym";
				ENABLE_NS_ASSERTIONS = NO;
				ENABLE_STRICT_OBJC_MSGSEND = YES;
				GCC_C_LANGUAGE_STANDARD = gnu11;
				GCC_NO_COMMON_BLOCKS = YES;
				GCC_WARN_64_TO_32_BIT_CONVERSION = YES;
				GCC_WARN_ABOUT_RETURN_TYPE = YES_ERROR;
				GCC_WARN_UNDECLARED_SELECTOR = YES;
				GCC_WARN_UNINITIALIZED_AUTOS = YES_AGGRESSIVE;
				GCC_WARN_UNUSED_FUNCTION = YES;
				GCC_WARN_UNUSED_VARIABLE = YES;
				IPHONEOS_DEPLOYMENT_TARGET = 14.0;
				MTL_ENABLE_DEBUG_INFO = NO;
				MTL_FAST_MATH = YES;
				SDKROOT = iphoneos;
				SWIFT_COMPILATION_MODE = wholemodule;
				SWIFT_OPTIMIZATION_LEVEL = "-O";
				VALIDATE_PRODUCT = YES;
			};
			name = Release;
		};
		F6D6CBF3252E70900079CC88 /* Debug */ = {
			isa = XCBuildConfiguration;
			buildSettings = {
				ASSETCATALOG_COMPILER_APPICON_NAME = AppIcon;
				ASSETCATALOG_COMPILER_GLOBAL_ACCENT_COLOR_NAME = AccentColor;
				CODE_SIGN_STYLE = Automatic;
				DEVELOPMENT_TEAM = V9U46T3MCV;
				INFOPLIST_FILE = Combine_test/Info.plist;
				LD_RUNPATH_SEARCH_PATHS = (
					"$(inherited)",
					"@executable_path/Frameworks",
				);
				PRODUCT_BUNDLE_IDENTIFIER = "com.herman.Combine-test";
				PRODUCT_NAME = "$(TARGET_NAME)";
				SWIFT_VERSION = 5.0;
				TARGETED_DEVICE_FAMILY = "1,2";
			};
			name = Debug;
		};
		F6D6CBF4252E70900079CC88 /* Release */ = {
			isa = XCBuildConfiguration;
			buildSettings = {
				ASSETCATALOG_COMPILER_APPICON_NAME = AppIcon;
				ASSETCATALOG_COMPILER_GLOBAL_ACCENT_COLOR_NAME = AccentColor;
				CODE_SIGN_STYLE = Automatic;
				DEVELOPMENT_TEAM = V9U46T3MCV;
				INFOPLIST_FILE = Combine_test/Info.plist;
				LD_RUNPATH_SEARCH_PATHS = (
					"$(inherited)",
					"@executable_path/Frameworks",
				);
				PRODUCT_BUNDLE_IDENTIFIER = "com.herman.Combine-test";
				PRODUCT_NAME = "$(TARGET_NAME)";
				SWIFT_VERSION = 5.0;
				TARGETED_DEVICE_FAMILY = "1,2";
			};
			name = Release;
		};
/* End XCBuildConfiguration section */

/* Begin XCConfigurationList section */
		F6D6CBD9252E708E0079CC88 /* Build configuration list for PBXProject "Combine_test" */ = {
			isa = XCConfigurationList;
			buildConfigurations = (
				F6D6CBF0252E70900079CC88 /* Debug */,
				F6D6CBF1252E70900079CC88 /* Release */,
			);
			defaultConfigurationIsVisible = 0;
			defaultConfigurationName = Release;
		};
		F6D6CBF2252E70900079CC88 /* Build configuration list for PBXNativeTarget "Combine_test" */ = {
			isa = XCConfigurationList;
			buildConfigurations = (
				F6D6CBF3252E70900079CC88 /* Debug */,
				F6D6CBF4252E70900079CC88 /* Release */,
			);
			defaultConfigurationIsVisible = 0;
			defaultConfigurationName = Release;
		};
/* End XCConfigurationList section */
	};
	rootObject = F6D6CBD6252E708E0079CC88 /* Project object */;
}
